{
  "name": "Spyrit",
  "lockfileVersion": 2,
  "requires": true,
  "packages": {
    "": {
      "dependencies": {
        "bootstrap-icons": "^1.8.3",
        "fullpage.js": "^4.0.9"
      }
    },
    "node_modules/bootstrap-icons": {
      "version": "1.8.3",
      "resolved": "https://registry.npmjs.org/bootstrap-icons/-/bootstrap-icons-1.8.3.tgz",
      "integrity": "sha512-s5kmttnbq4BXbx3Bwnj39y+t7Vc3blTtyD77W3aYQ1LlNoS3lNbbGvSYhIbg26Im8KmjScyFpHEevlPOBcIDdA=="
    },
    "node_modules/fullpage.js": {
      "version": "4.0.9",
      "resolved": "https://registry.npmjs.org/fullpage.js/-/fullpage.js-4.0.9.tgz",
      "integrity": "sha512-/P9P8WqK5B1ZKGqT9PQmDdQY2xTg2lt3ersb+/X1kA47NlBakNyS/W4Zw9otW1loG2Or2OAh15VKaJVPsdMNVw=="
    }
  },
  "dependencies": {
    "bootstrap-icons": {
      "version": "1.8.3",
      "resolved": "https://registry.npmjs.org/bootstrap-icons/-/bootstrap-icons-1.8.3.tgz",
      "integrity": "sha512-s5kmttnbq4BXbx3Bwnj39y+t7Vc3blTtyD77W3aYQ1LlNoS3lNbbGvSYhIbg26Im8KmjScyFpHEevlPOBcIDdA=="
    },
    "fullpage.js": {
      "version": "4.0.9",
      "resolved": "https://registry.npmjs.org/fullpage.js/-/fullpage.js-4.0.9.tgz",
      "integrity": "sha512-/P9P8WqK5B1ZKGqT9PQmDdQY2xTg2lt3ersb+/X1kA47NlBakNyS/W4Zw9otW1loG2Or2OAh15VKaJVPsdMNVw=="
    }
  }
}
